// !$*UTF8*$!
{
	archiveVersion = 1;
	classes = {
	};
	objectVersion = 56;
	objects = {

/* Begin PBXBuildFile section */
		F95BC1F72CEEB3F400037EF6 /* AddCustomerView.swift in Sources */ = {isa = PBXBuildFile; fileRef = F95BC1F62CEEB3F400037EF6 /* AddCustomerView.swift */; };
		F95BC1F92CEEB6AA00037EF6 /* ImagePicker.swift in Sources */ = {isa = PBXBuildFile; fileRef = F95BC1F82CEEB6AA00037EF6 /* ImagePicker.swift */; };
		F95BC1FB2CEEC1A200037EF6 /* DataManager.swift in Sources */ = {isa = PBXBuildFile; fileRef = F95BC1FA2CEEC1A200037EF6 /* DataManager.swift */; };
		F95BC1FE2CEEC71600037EF6 /* SQLite in Frameworks */ = {isa = PBXBuildFile; productRef = F95BC1FD2CEEC71600037EF6 /* SQLite */; };
		F99EF46C2CF46C2E0074E43B /* AddPolicyView.swift in Sources */ = {isa = PBXBuildFile; fileRef = F99EF46B2CF46C2E0074E43B /* AddPolicyView.swift */; };
		F99EF46E2CF53CE60074E43B /* EditPolicyView.swift in Sources */ = {isa = PBXBuildFile; fileRef = F99EF46D2CF53CE60074E43B /* EditPolicyView.swift */; };
		F99EF4702CF6707C0074E43B /* EditCustomerView.swift in Sources */ = {isa = PBXBuildFile; fileRef = F99EF46F2CF6707C0074E43B /* EditCustomerView.swift */; };
		F9EE69022CE81C58002FDA86 /* Assignment_10App.swift in Sources */ = {isa = PBXBuildFile; fileRef = F9EE69012CE81C58002FDA86 /* Assignment_10App.swift */; };
		F9EE69042CE81C58002FDA86 /* ContentView.swift in Sources */ = {isa = PBXBuildFile; fileRef = F9EE69032CE81C58002FDA86 /* ContentView.swift */; };
		F9EE69062CE81C5A002FDA86 /* Assets.xcassets in Resources */ = {isa = PBXBuildFile; fileRef = F9EE69052CE81C5A002FDA86 /* Assets.xcassets */; };
		F9EE69092CE81C5A002FDA86 /* Preview Assets.xcassets in Resources */ = {isa = PBXBuildFile; fileRef = F9EE69082CE81C5A002FDA86 /* Preview Assets.xcassets */; };
		F9EE69102CE81C87002FDA86 /* Customer.swift in Sources */ = {isa = PBXBuildFile; fileRef = F9EE690F2CE81C87002FDA86 /* Customer.swift */; };
		F9EE69122CE81CA4002FDA86 /* Policy.swift in Sources */ = {isa = PBXBuildFile; fileRef = F9EE69112CE81CA4002FDA86 /* Policy.swift */; };
		F9EE69142CE81F59002FDA86 /* MockAPI.swift in Sources */ = {isa = PBXBuildFile; fileRef = F9EE69132CE81F59002FDA86 /* MockAPI.swift */; };
		F9EE69162CE81FD3002FDA86 /* CustomersView.swift in Sources */ = {isa = PBXBuildFile; fileRef = F9EE69152CE81FD3002FDA86 /* CustomersView.swift */; };
		F9EE69182CE81FFF002FDA86 /* PoliciesView.swift in Sources */ = {isa = PBXBuildFile; fileRef = F9EE69172CE81FFF002FDA86 /* PoliciesView.swift */; };
		F9EE691A2CE84071002FDA86 /* SearchBar.swift in Sources */ = {isa = PBXBuildFile; fileRef = F9EE69192CE84071002FDA86 /* SearchBar.swift */; };
		F9EE691C2CE840C2002FDA86 /* CustomerDetailView.swift in Sources */ = {isa = PBXBuildFile; fileRef = F9EE691B2CE840C2002FDA86 /* CustomerDetailView.swift */; };
		F9EE691E2CE840E9002FDA86 /* PolicyDetailView.swift in Sources */ = {isa = PBXBuildFile; fileRef = F9EE691D2CE840E9002FDA86 /* PolicyDetailView.swift */; };
/* End PBXBuildFile section */

/* Begin PBXFileReference section */
		F95BC1F62CEEB3F400037EF6 /* AddCustomerView.swift */ = {isa = PBXFileReference; lastKnownFileType = sourcecode.swift; path = AddCustomerView.swift; sourceTree = "<group>"; };
		F95BC1F82CEEB6AA00037EF6 /* ImagePicker.swift */ = {isa = PBXFileReference; lastKnownFileType = sourcecode.swift; path = ImagePicker.swift; sourceTree = "<group>"; };
		F95BC1FA2CEEC1A200037EF6 /* DataManager.swift */ = {isa = PBXFileReference; lastKnownFileType = sourcecode.swift; path = DataManager.swift; sourceTree = "<group>"; };
		F99EF46B2CF46C2E0074E43B /* AddPolicyView.swift */ = {isa = PBXFileReference; lastKnownFileType = sourcecode.swift; path = AddPolicyView.swift; sourceTree = "<group>"; };
		F99EF46D2CF53CE60074E43B /* EditPolicyView.swift */ = {isa = PBXFileReference; lastKnownFileType = sourcecode.swift; path = EditPolicyView.swift; sourceTree = "<group>"; };
		F99EF46F2CF6707C0074E43B /* EditCustomerView.swift */ = {isa = PBXFileReference; lastKnownFileType = sourcecode.swift; path = EditCustomerView.swift; sourceTree = "<group>"; };
		F9EE68FE2CE81C58002FDA86 /* Assignment_11.app */ = {isa = PBXFileReference; explicitFileType = wrapper.application; includeInIndex = 0; path = Assignment_11.app; sourceTree = BUILT_PRODUCTS_DIR; };
		F9EE69012CE81C58002FDA86 /* Assignment_10App.swift */ = {isa = PBXFileReference; lastKnownFileType = sourcecode.swift; path = Assignment_10App.swift; sourceTree = "<group>"; };
		F9EE69032CE81C58002FDA86 /* ContentView.swift */ = {isa = PBXFileReference; lastKnownFileType = sourcecode.swift; path = ContentView.swift; sourceTree = "<group>"; };
		F9EE69052CE81C5A002FDA86 /* Assets.xcassets */ = {isa = PBXFileReference; lastKnownFileType = folder.assetcatalog; path = Assets.xcassets; sourceTree = "<group>"; };
		F9EE69082CE81C5A002FDA86 /* Preview Assets.xcassets */ = {isa = PBXFileReference; lastKnownFileType = folder.assetcatalog; path = "Preview Assets.xcassets"; sourceTree = "<group>"; };
		F9EE690F2CE81C87002FDA86 /* Customer.swift */ = {isa = PBXFileReference; lastKnownFileType = sourcecode.swift; path = Customer.swift; sourceTree = "<group>"; };
		F9EE69112CE81CA4002FDA86 /* Policy.swift */ = {isa = PBXFileReference; lastKnownFileType = sourcecode.swift; path = Policy.swift; sourceTree = "<group>"; };
		F9EE69132CE81F59002FDA86 /* MockAPI.swift */ = {isa = PBXFileReference; lastKnownFileType = sourcecode.swift; path = MockAPI.swift; sourceTree = "<group>"; };
		F9EE69152CE81FD3002FDA86 /* CustomersView.swift */ = {isa = PBXFileReference; lastKnownFileType = sourcecode.swift; path = CustomersView.swift; sourceTree = "<group>"; };
		F9EE69172CE81FFF002FDA86 /* PoliciesView.swift */ = {isa = PBXFileReference; lastKnownFileType = sourcecode.swift; path = PoliciesView.swift; sourceTree = "<group>"; };
		F9EE69192CE84071002FDA86 /* SearchBar.swift */ = {isa = PBXFileReference; lastKnownFileType = sourcecode.swift; path = SearchBar.swift; sourceTree = "<group>"; };
		F9EE691B2CE840C2002FDA86 /* CustomerDetailView.swift */ = {isa = PBXFileReference; lastKnownFileType = sourcecode.swift; path = CustomerDetailView.swift; sourceTree = "<group>"; };
		F9EE691D2CE840E9002FDA86 /* PolicyDetailView.swift */ = {isa = PBXFileReference; lastKnownFileType = sourcecode.swift; path = PolicyDetailView.swift; sourceTree = "<group>"; };
/* End PBXFileReference section */

/* Begin PBXFrameworksBuildPhase section */
		F9EE68FB2CE81C58002FDA86 /* Frameworks */ = {
			isa = PBXFrameworksBuildPhase;
			buildActionMask = 2147483647;
			files = (
				F95BC1FE2CEEC71600037EF6 /* SQLite in Frameworks */,
			);
			runOnlyForDeploymentPostprocessing = 0;
		};
/* End PBXFrameworksBuildPhase section */

/* Begin PBXGroup section */
		F9EE68F52CE81C58002FDA86 = {
			isa = PBXGroup;
			children = (
				F9EE69002CE81C58002FDA86 /* Assignment_11 */,
				F9EE68FF2CE81C58002FDA86 /* Products */,
			);
			sourceTree = "<group>";
		};
		F9EE68FF2CE81C58002FDA86 /* Products */ = {
			isa = PBXGroup;
			children = (
				F9EE68FE2CE81C58002FDA86 /* Assignment_11.app */,
			);
			name = Products;
			sourceTree = "<group>";
		};
		F9EE69002CE81C58002FDA86 /* Assignment_11 */ = {
			isa = PBXGroup;
			children = (
				F95BC1FA2CEEC1A200037EF6 /* DataManager.swift */,
				F9EE690F2CE81C87002FDA86 /* Customer.swift */,
				F9EE69112CE81CA4002FDA86 /* Policy.swift */,
				F9EE69132CE81F59002FDA86 /* MockAPI.swift */,
				F9EE69012CE81C58002FDA86 /* Assignment_10App.swift */,
				F9EE691D2CE840E9002FDA86 /* PolicyDetailView.swift */,
				F9EE69032CE81C58002FDA86 /* ContentView.swift */,
				F9EE69152CE81FD3002FDA86 /* CustomersView.swift */,
				F9EE691B2CE840C2002FDA86 /* CustomerDetailView.swift */,
				F9EE69172CE81FFF002FDA86 /* PoliciesView.swift */,
				F9EE69052CE81C5A002FDA86 /* Assets.xcassets */,
				F9EE69072CE81C5A002FDA86 /* Preview Content */,
				F9EE69192CE84071002FDA86 /* SearchBar.swift */,
				F95BC1F62CEEB3F400037EF6 /* AddCustomerView.swift */,
				F95BC1F82CEEB6AA00037EF6 /* ImagePicker.swift */,
				F99EF46B2CF46C2E0074E43B /* AddPolicyView.swift */,
				F99EF46D2CF53CE60074E43B /* EditPolicyView.swift */,
				F99EF46F2CF6707C0074E43B /* EditCustomerView.swift */,
			);
			path = Assignment_11;
			sourceTree = "<group>";
		};
		F9EE69072CE81C5A002FDA86 /* Preview Content */ = {
			isa = PBXGroup;
			children = (
				F9EE69082CE81C5A002FDA86 /* Preview Assets.xcassets */,
			);
			path = "Preview Content";
			sourceTree = "<group>";
		};
/* End PBXGroup section */

/* Begin PBXNativeTarget section */
		F9EE68FD2CE81C58002FDA86 /* Assignment_11 */ = {
			isa = PBXNativeTarget;
			buildConfigurationList = F9EE690C2CE81C5A002FDA86 /* Build configuration list for PBXNativeTarget "Assignment_11" */;
			buildPhases = (
				F9EE68FA2CE81C58002FDA86 /* Sources */,
				F9EE68FB2CE81C58002FDA86 /* Frameworks */,
				F9EE68FC2CE81C58002FDA86 /* Resources */,
			);
			buildRules = (
			);
			dependencies = (
			);
			name = Assignment_11;
			packageProductDependencies = (
				F95BC1FD2CEEC71600037EF6 /* SQLite */,
			);
			productName = Assignment_10;
			productReference = F9EE68FE2CE81C58002FDA86 /* Assignment_11.app */;
			productType = "com.apple.product-type.application";
		};
/* End PBXNativeTarget section */

/* Begin PBXProject section */
		F9EE68F62CE81C58002FDA86 /* Project object */ = {
			isa = PBXProject;
			attributes = {
				BuildIndependentTargetsInParallel = 1;
				LastSwiftUpdateCheck = 1540;
				LastUpgradeCheck = 1540;
				TargetAttributes = {
					F9EE68FD2CE81C58002FDA86 = {
						CreatedOnToolsVersion = 15.4;
					};
				};
			};
			buildConfigurationList = F9EE68F92CE81C58002FDA86 /* Build configuration list for PBXProject "Assignment_11" */;
			compatibilityVersion = "Xcode 14.0";
			developmentRegion = en;
			hasScannedForEncodings = 0;
			knownRegions = (
				en,
				Base,
			);
			mainGroup = F9EE68F52CE81C58002FDA86;
			packageReferences = (
				F95BC1FC2CEEC71600037EF6 /* XCRemoteSwiftPackageReference "SQLite" */,
			);
			productRefGroup = F9EE68FF2CE81C58002FDA86 /* Products */;
			projectDirPath = "";
			projectRoot = "";
			targets = (
				F9EE68FD2CE81C58002FDA86 /* Assignment_11 */,
			);
		};
/* End PBXProject section */

/* Begin PBXResourcesBuildPhase section */
		F9EE68FC2CE81C58002FDA86 /* Resources */ = {
			isa = PBXResourcesBuildPhase;
			buildActionMask = 2147483647;
			files = (
				F9EE69092CE81C5A002FDA86 /* Preview Assets.xcassets in Resources */,
				F9EE69062CE81C5A002FDA86 /* Assets.xcassets in Resources */,
			);
			runOnlyForDeploymentPostprocessing = 0;
		};
/* End PBXResourcesBuildPhase section */

/* Begin PBXSourcesBuildPhase section */
		F9EE68FA2CE81C58002FDA86 /* Sources */ = {
			isa = PBXSourcesBuildPhase;
			buildActionMask = 2147483647;
			files = (
				F99EF46E2CF53CE60074E43B /* EditPolicyView.swift in Sources */,
				F9EE69162CE81FD3002FDA86 /* CustomersView.swift in Sources */,
				F9EE69102CE81C87002FDA86 /* Customer.swift in Sources */,
				F95BC1F72CEEB3F400037EF6 /* AddCustomerView.swift in Sources */,
				F99EF4702CF6707C0074E43B /* EditCustomerView.swift in Sources */,
				F9EE69182CE81FFF002FDA86 /* PoliciesView.swift in Sources */,
				F9EE69042CE81C58002FDA86 /* ContentView.swift in Sources */,
				F99EF46C2CF46C2E0074E43B /* AddPolicyView.swift in Sources */,
				F9EE69022CE81C58002FDA86 /* Assignment_10App.swift in Sources */,
				F9EE691E2CE840E9002FDA86 /* PolicyDetailView.swift in Sources */,
				F9EE691C2CE840C2002FDA86 /* CustomerDetailView.swift in Sources */,
				F9EE691A2CE84071002FDA86 /* SearchBar.swift in Sources */,
				F95BC1F92CEEB6AA00037EF6 /* ImagePicker.swift in Sources */,
				F9EE69142CE81F59002FDA86 /* MockAPI.swift in Sources */,
				F95BC1FB2CEEC1A200037EF6 /* DataManager.swift in Sources */,
				F9EE69122CE81CA4002FDA86 /* Policy.swift in Sources */,
			);
			runOnlyForDeploymentPostprocessing = 0;
		};
/* End PBXSourcesBuildPhase section */

/* Begin XCBuildConfiguration section */
		F9EE690A2CE81C5A002FDA86 /* Debug */ = {
			isa = XCBuildConfiguration;
			buildSettings = {
				ALWAYS_SEARCH_USER_PATHS = NO;
				ASSETCATALOG_COMPILER_GENERATE_SWIFT_ASSET_SYMBOL_EXTENSIONS = YES;
				CLANG_ANALYZER_NONNULL = YES;
				CLANG_ANALYZER_NUMBER_OBJECT_CONVERSION = YES_AGGRESSIVE;
				CLANG_CXX_LANGUAGE_STANDARD = "gnu++20";
				CLANG_ENABLE_MODULES = YES;
				CLANG_ENABLE_OBJC_ARC = YES;
				CLANG_ENABLE_OBJC_WEAK = YES;
				CLANG_WARN_BLOCK_CAPTURE_AUTORELEASING = YES;
				CLANG_WARN_BOOL_CONVERSION = YES;
				CLANG_WARN_COMMA = YES;
				CLANG_WARN_CONSTANT_CONVERSION = YES;
				CLANG_WARN_DEPRECATED_OBJC_IMPLEMENTATIONS = YES;
				CLANG_WARN_DIRECT_OBJC_ISA_USAGE = YES_ERROR;
				CLANG_WARN_DOCUMENTATION_COMMENTS = YES;
				CLANG_WARN_EMPTY_BODY = YES;
				CLANG_WARN_ENUM_CONVERSION = YES;
				CLANG_WARN_INFINITE_RECURSION = YES;
				CLANG_WARN_INT_CONVERSION = YES;
				CLANG_WARN_NON_LITERAL_NULL_CONVERSION = YES;
				CLANG_WARN_OBJC_IMPLICIT_RETAIN_SELF = YES;
				CLANG_WARN_OBJC_LITERAL_CONVERSION = YES;
				CLANG_WARN_OBJC_ROOT_CLASS = YES_ERROR;
				CLANG_WARN_QUOTED_INCLUDE_IN_FRAMEWORK_HEADER = YES;
				CLANG_WARN_RANGE_LOOP_ANALYSIS = YES;
				CLANG_WARN_STRICT_PROTOTYPES = YES;
				CLANG_WARN_SUSPICIOUS_MOVE = YES;
				CLANG_WARN_UNGUARDED_AVAILABILITY = YES_AGGRESSIVE;
				CLANG_WARN_UNREACHABLE_CODE = YES;
				CLANG_WARN__DUPLICATE_METHOD_MATCH = YES;
				COPY_PHASE_STRIP = NO;
				DEBUG_INFORMATION_FORMAT = dwarf;
				ENABLE_STRICT_OBJC_MSGSEND = YES;
				ENABLE_TESTABILITY = YES;
				ENABLE_USER_SCRIPT_SANDBOXING = YES;
				GCC_C_LANGUAGE_STANDARD = gnu17;
				GCC_DYNAMIC_NO_PIC = NO;
				GCC_NO_COMMON_BLOCKS = YES;
				GCC_OPTIMIZATION_LEVEL = 0;
				GCC_PREPROCESSOR_DEFINITIONS = (
					"DEBUG=1",
					"$(inherited)",
				);
				GCC_WARN_64_TO_32_BIT_CONVERSION = YES;
				GCC_WARN_ABOUT_RETURN_TYPE = YES_ERROR;
				GCC_WARN_UNDECLARED_SELECTOR = YES;
				GCC_WARN_UNINITIALIZED_AUTOS = YES_AGGRESSIVE;
				GCC_WARN_UNUSED_FUNCTION = YES;
				GCC_WARN_UNUSED_VARIABLE = YES;
				IPHONEOS_DEPLOYMENT_TARGET = 17.5;
				LOCALIZATION_PREFERS_STRING_CATALOGS = YES;
				MTL_ENABLE_DEBUG_INFO = INCLUDE_SOURCE;
				MTL_FAST_MATH = YES;
				ONLY_ACTIVE_ARCH = YES;
				SDKROOT = iphoneos;
				SWIFT_ACTIVE_COMPILATION_CONDITIONS = "DEBUG $(inherited)";
				SWIFT_OPTIMIZATION_LEVEL = "-Onone";
			};
			name = Debug;
		};
		F9EE690B2CE81C5A002FDA86 /* Release */ = {
			isa = XCBuildConfiguration;
			buildSettings = {
				ALWAYS_SEARCH_USER_PATHS = NO;
				ASSETCATALOG_COMPILER_GENERATE_SWIFT_ASSET_SYMBOL_EXTENSIONS = YES;
				CLANG_ANALYZER_NONNULL = YES;
				CLANG_ANALYZER_NUMBER_OBJECT_CONVERSION = YES_AGGRESSIVE;
				CLANG_CXX_LANGUAGE_STANDARD = "gnu++20";
				CLANG_ENABLE_MODULES = YES;
				CLANG_ENABLE_OBJC_ARC = YES;
				CLANG_ENABLE_OBJC_WEAK = YES;
				CLANG_WARN_BLOCK_CAPTURE_AUTORELEASING = YES;
				CLANG_WARN_BOOL_CONVERSION = YES;
				CLANG_WARN_COMMA = YES;
				CLANG_WARN_CONSTANT_CONVERSION = YES;
				CLANG_WARN_DEPRECATED_OBJC_IMPLEMENTATIONS = YES;
				CLANG_WARN_DIRECT_OBJC_ISA_USAGE = YES_ERROR;
				CLANG_WARN_DOCUMENTATION_COMMENTS = YES;
				CLANG_WARN_EMPTY_BODY = YES;
				CLANG_WARN_ENUM_CONVERSION = YES;
				CLANG_WARN_INFINITE_RECURSION = YES;
				CLANG_WARN_INT_CONVERSION = YES;
				CLANG_WARN_NON_LITERAL_NULL_CONVERSION = YES;
				CLANG_WARN_OBJC_IMPLICIT_RETAIN_SELF = YES;
				CLANG_WARN_OBJC_LITERAL_CONVERSION = YES;
				CLANG_WARN_OBJC_ROOT_CLASS = YES_ERROR;
				CLANG_WARN_QUOTED_INCLUDE_IN_FRAMEWORK_HEADER = YES;
				CLANG_WARN_RANGE_LOOP_ANALYSIS = YES;
				CLANG_WARN_STRICT_PROTOTYPES = YES;
				CLANG_WARN_SUSPICIOUS_MOVE = YES;
				CLANG_WARN_UNGUARDED_AVAILABILITY = YES_AGGRESSIVE;
				CLANG_WARN_UNREACHABLE_CODE = YES;
				CLANG_WARN__DUPLICATE_METHOD_MATCH = YES;
				COPY_PHASE_STRIP = NO;
				DEBUG_INFORMATION_FORMAT = "dwarf-with-dsym";
				ENABLE_NS_ASSERTIONS = NO;
				ENABLE_STRICT_OBJC_MSGSEND = YES;
				ENABLE_USER_SCRIPT_SANDBOXING = YES;
				GCC_C_LANGUAGE_STANDARD = gnu17;
				GCC_NO_COMMON_BLOCKS = YES;
				GCC_WARN_64_TO_32_BIT_CONVERSION = YES;
				GCC_WARN_ABOUT_RETURN_TYPE = YES_ERROR;
				GCC_WARN_UNDECLARED_SELECTOR = YES;
				GCC_WARN_UNINITIALIZED_AUTOS = YES_AGGRESSIVE;
				GCC_WARN_UNUSED_FUNCTION = YES;
				GCC_WARN_UNUSED_VARIABLE = YES;
				IPHONEOS_DEPLOYMENT_TARGET = 17.5;
				LOCALIZATION_PREFERS_STRING_CATALOGS = YES;
				MTL_ENABLE_DEBUG_INFO = NO;
				MTL_FAST_MATH = YES;
				SDKROOT = iphoneos;
				SWIFT_COMPILATION_MODE = wholemodule;
				VALIDATE_PRODUCT = YES;
			};
			name = Release;
		};
		F9EE690D2CE81C5A002FDA86 /* Debug */ = {
			isa = XCBuildConfiguration;
			buildSettings = {
				ASSETCATALOG_COMPILER_APPICON_NAME = AppIcon;
				ASSETCATALOG_COMPILER_GLOBAL_ACCENT_COLOR_NAME = AccentColor;
				CODE_SIGN_STYLE = Automatic;
				CURRENT_PROJECT_VERSION = 1;
				DEVELOPMENT_ASSET_PATHS = "\"Assignment_11/Preview Content\"";
				ENABLE_PREVIEWS = YES;
				GENERATE_INFOPLIST_FILE = YES;
				INFOPLIST_KEY_UIApplicationSceneManifest_Generation = YES;
				INFOPLIST_KEY_UIApplicationSupportsIndirectInputEvents = YES;
				INFOPLIST_KEY_UILaunchScreen_Generation = YES;
				INFOPLIST_KEY_UISupportedInterfaceOrientations_iPad = "UIInterfaceOrientationPortrait UIInterfaceOrientationPortraitUpsideDown UIInterfaceOrientationLandscapeLeft UIInterfaceOrientationLandscapeRight";
				INFOPLIST_KEY_UISupportedInterfaceOrientations_iPhone = "UIInterfaceOrientationPortrait UIInterfaceOrientationLandscapeLeft UIInterfaceOrientationLandscapeRight";
				LD_RUNPATH_SEARCH_PATHS = (
					"$(inherited)",
					"@executable_path/Frameworks",
				);
				MARKETING_VERSION = 1.0;
				PRODUCT_BUNDLE_IDENTIFIER = "com.project.Assignment-11";
				PRODUCT_NAME = "$(TARGET_NAME)";
				SWIFT_EMIT_LOC_STRINGS = YES;
				SWIFT_VERSION = 5.0;
				TARGETED_DEVICE_FAMILY = "1,2";
			};
			name = Debug;
		};
		F9EE690E2CE81C5A002FDA86 /* Release */ = {
			isa = XCBuildConfiguration;
			buildSettings = {
				ASSETCATALOG_COMPILER_APPICON_NAME = AppIcon;
				ASSETCATALOG_COMPILER_GLOBAL_ACCENT_COLOR_NAME = AccentColor;
				CODE_SIGN_STYLE = Automatic;
				CURRENT_PROJECT_VERSION = 1;
				DEVELOPMENT_ASSET_PATHS = "\"Assignment_11/Preview Content\"";
				ENABLE_PREVIEWS = YES;
				GENERATE_INFOPLIST_FILE = YES;
				INFOPLIST_KEY_UIApplicationSceneManifest_Generation = YES;
				INFOPLIST_KEY_UIApplicationSupportsIndirectInputEvents = YES;
				INFOPLIST_KEY_UILaunchScreen_Generation = YES;
				INFOPLIST_KEY_UISupportedInterfaceOrientations_iPad = "UIInterfaceOrientationPortrait UIInterfaceOrientationPortraitUpsideDown UIInterfaceOrientationLandscapeLeft UIInterfaceOrientationLandscapeRight";
				INFOPLIST_KEY_UISupportedInterfaceOrientations_iPhone = "UIInterfaceOrientationPortrait UIInterfaceOrientationLandscapeLeft UIInterfaceOrientationLandscapeRight";
				LD_RUNPATH_SEARCH_PATHS = (
					"$(inherited)",
					"@executable_path/Frameworks",
				);
				MARKETING_VERSION = 1.0;
				PRODUCT_BUNDLE_IDENTIFIER = "com.project.Assignment-11";
				PRODUCT_NAME = "$(TARGET_NAME)";
				SWIFT_EMIT_LOC_STRINGS = YES;
				SWIFT_VERSION = 5.0;
				TARGETED_DEVICE_FAMILY = "1,2";
			};
			name = Release;
		};
/* End XCBuildConfiguration section */

/* Begin XCConfigurationList section */
		F9EE68F92CE81C58002FDA86 /* Build configuration list for PBXProject "Assignment_11" */ = {
			isa = XCConfigurationList;
			buildConfigurations = (
				F9EE690A2CE81C5A002FDA86 /* Debug */,
				F9EE690B2CE81C5A002FDA86 /* Release */,
			);
			defaultConfigurationIsVisible = 0;
			defaultConfigurationName = Release;
		};
		F9EE690C2CE81C5A002FDA86 /* Build configuration list for PBXNativeTarget "Assignment_11" */ = {
			isa = XCConfigurationList;
			buildConfigurations = (
				F9EE690D2CE81C5A002FDA86 /* Debug */,
				F9EE690E2CE81C5A002FDA86 /* Release */,
			);
			defaultConfigurationIsVisible = 0;
			defaultConfigurationName = Release;
		};
/* End XCConfigurationList section */

/* Begin XCRemoteSwiftPackageReference section */
		F95BC1FC2CEEC71600037EF6 /* XCRemoteSwiftPackageReference "SQLite" */ = {
			isa = XCRemoteSwiftPackageReference;
			repositoryURL = "https://github.com/stephencelis/SQLite.swift";
			requirement = {
				kind = upToNextMajorVersion;
				minimumVersion = 0.15.3;
			};
		};
/* End XCRemoteSwiftPackageReference section */

/* Begin XCSwiftPackageProductDependency section */
		F95BC1FD2CEEC71600037EF6 /* SQLite */ = {
			isa = XCSwiftPackageProductDependency;
			package = F95BC1FC2CEEC71600037EF6 /* XCRemoteSwiftPackageReference "SQLite" */;
			productName = SQLite;
		};
/* End XCSwiftPackageProductDependency section */
	};
	rootObject = F9EE68F62CE81C58002FDA86 /* Project object */;
}
