// !$*UTF8*$!
{
	archiveVersion = 1;
	classes = {
	};
	objectVersion = 56;
	objects = {

/* Begin PBXBuildFile section */
		F9472E032CD440740012DF52 /* SQLite in Frameworks */ = {isa = PBXBuildFile; productRef = F9472E022CD440740012DF52 /* SQLite */; };
		F96A146A2CCF3EEC00EAAB21 /* PaymentsViewController.swift in Sources */ = {isa = PBXBuildFile; fileRef = F96A14692CCF3EEB00EAAB21 /* PaymentsViewController.swift */; };
		F96A146C2CD0518F00EAAB21 /* Payment.swift in Sources */ = {isa = PBXBuildFile; fileRef = F96A146B2CD0518F00EAAB21 /* Payment.swift */; };
		F9AD2A2F2CC8A28B00DC8ECD /* AppDelegate.swift in Sources */ = {isa = PBXBuildFile; fileRef = F9AD2A2E2CC8A28B00DC8ECD /* AppDelegate.swift */; };
		F9AD2A312CC8A28B00DC8ECD /* SceneDelegate.swift in Sources */ = {isa = PBXBuildFile; fileRef = F9AD2A302CC8A28B00DC8ECD /* SceneDelegate.swift */; };
		F9AD2A332CC8A28B00DC8ECD /* ViewController.swift in Sources */ = {isa = PBXBuildFile; fileRef = F9AD2A322CC8A28B00DC8ECD /* ViewController.swift */; };
		F9AD2A362CC8A28B00DC8ECD /* Base in Resources */ = {isa = PBXBuildFile; fileRef = F9AD2A352CC8A28B00DC8ECD /* Base */; };
		F9AD2A382CC8A28D00DC8ECD /* Assets.xcassets in Resources */ = {isa = PBXBuildFile; fileRef = F9AD2A372CC8A28D00DC8ECD /* Assets.xcassets */; };
		F9AD2A3B2CC8A28D00DC8ECD /* Base in Resources */ = {isa = PBXBuildFile; fileRef = F9AD2A3A2CC8A28D00DC8ECD /* Base */; };
		F9AD2A432CC8A40700DC8ECD /* CustomerViewController.swift in Sources */ = {isa = PBXBuildFile; fileRef = F9AD2A422CC8A40700DC8ECD /* CustomerViewController.swift */; };
		F9AD2A452CC8A8E100DC8ECD /* Customer.swift in Sources */ = {isa = PBXBuildFile; fileRef = F9AD2A442CC8A8E100DC8ECD /* Customer.swift */; };
		F9AD2A472CC8A91D00DC8ECD /* DataManager.swift in Sources */ = {isa = PBXBuildFile; fileRef = F9AD2A462CC8A91D00DC8ECD /* DataManager.swift */; };
		F9AD2A492CC8BCF800DC8ECD /* PolicyViewController.swift in Sources */ = {isa = PBXBuildFile; fileRef = F9AD2A482CC8BCF800DC8ECD /* PolicyViewController.swift */; };
		F9AD2A4B2CC8C57E00DC8ECD /* Policy.swift in Sources */ = {isa = PBXBuildFile; fileRef = F9AD2A4A2CC8C57E00DC8ECD /* Policy.swift */; };
		F9AD2A4D2CC976A300DC8ECD /* Claims.swift in Sources */ = {isa = PBXBuildFile; fileRef = F9AD2A4C2CC976A300DC8ECD /* Claims.swift */; };
		F9AD2A4F2CC976B200DC8ECD /* ClaimsViewController.swift in Sources */ = {isa = PBXBuildFile; fileRef = F9AD2A4E2CC976B200DC8ECD /* ClaimsViewController.swift */; };
		F9E9C1132CD7F0B5002A6081 /* updateCustomerViewController.swift in Sources */ = {isa = PBXBuildFile; fileRef = F9E9C1122CD7F0B5002A6081 /* updateCustomerViewController.swift */; };
		F9E9C1152CD80B7C002A6081 /* searchViewController.swift in Sources */ = {isa = PBXBuildFile; fileRef = F9E9C1142CD80B7B002A6081 /* searchViewController.swift */; };
		F9E9C1172CD85F7D002A6081 /* updatePolicyViewController.swift in Sources */ = {isa = PBXBuildFile; fileRef = F9E9C1162CD85F7D002A6081 /* updatePolicyViewController.swift */; };
		F9E9C1192CD86A1B002A6081 /* updatePaymentViewController.swift in Sources */ = {isa = PBXBuildFile; fileRef = F9E9C1182CD86A1B002A6081 /* updatePaymentViewController.swift */; };
		F9E9C11B2CD86A3B002A6081 /* updateClaimViewController.swift in Sources */ = {isa = PBXBuildFile; fileRef = F9E9C11A2CD86A3B002A6081 /* updateClaimViewController.swift */; };
/* End PBXBuildFile section */

/* Begin PBXFileReference section */
		F96A14692CCF3EEB00EAAB21 /* PaymentsViewController.swift */ = {isa = PBXFileReference; lastKnownFileType = sourcecode.swift; path = PaymentsViewController.swift; sourceTree = "<group>"; };
		F96A146B2CD0518F00EAAB21 /* Payment.swift */ = {isa = PBXFileReference; lastKnownFileType = sourcecode.swift; path = Payment.swift; sourceTree = "<group>"; };
		F9AD2A2B2CC8A28B00DC8ECD /* Assignment_7.app */ = {isa = PBXFileReference; explicitFileType = wrapper.application; includeInIndex = 0; path = Assignment_7.app; sourceTree = BUILT_PRODUCTS_DIR; };
		F9AD2A2E2CC8A28B00DC8ECD /* AppDelegate.swift */ = {isa = PBXFileReference; lastKnownFileType = sourcecode.swift; path = AppDelegate.swift; sourceTree = "<group>"; };
		F9AD2A302CC8A28B00DC8ECD /* SceneDelegate.swift */ = {isa = PBXFileReference; lastKnownFileType = sourcecode.swift; path = SceneDelegate.swift; sourceTree = "<group>"; };
		F9AD2A322CC8A28B00DC8ECD /* ViewController.swift */ = {isa = PBXFileReference; lastKnownFileType = sourcecode.swift; path = ViewController.swift; sourceTree = "<group>"; };
		F9AD2A352CC8A28B00DC8ECD /* Base */ = {isa = PBXFileReference; lastKnownFileType = file.storyboard; name = Base; path = Base.lproj/Main.storyboard; sourceTree = "<group>"; };
		F9AD2A372CC8A28D00DC8ECD /* Assets.xcassets */ = {isa = PBXFileReference; lastKnownFileType = folder.assetcatalog; path = Assets.xcassets; sourceTree = "<group>"; };
		F9AD2A3A2CC8A28D00DC8ECD /* Base */ = {isa = PBXFileReference; lastKnownFileType = file.storyboard; name = Base; path = Base.lproj/LaunchScreen.storyboard; sourceTree = "<group>"; };
		F9AD2A3C2CC8A28D00DC8ECD /* Info.plist */ = {isa = PBXFileReference; lastKnownFileType = text.plist.xml; path = Info.plist; sourceTree = "<group>"; };
		F9AD2A422CC8A40700DC8ECD /* CustomerViewController.swift */ = {isa = PBXFileReference; lastKnownFileType = sourcecode.swift; path = CustomerViewController.swift; sourceTree = "<group>"; };
		F9AD2A442CC8A8E100DC8ECD /* Customer.swift */ = {isa = PBXFileReference; lastKnownFileType = sourcecode.swift; path = Customer.swift; sourceTree = "<group>"; };
		F9AD2A462CC8A91D00DC8ECD /* DataManager.swift */ = {isa = PBXFileReference; lastKnownFileType = sourcecode.swift; path = DataManager.swift; sourceTree = "<group>"; };
		F9AD2A482CC8BCF800DC8ECD /* PolicyViewController.swift */ = {isa = PBXFileReference; lastKnownFileType = sourcecode.swift; path = PolicyViewController.swift; sourceTree = "<group>"; };
		F9AD2A4A2CC8C57E00DC8ECD /* Policy.swift */ = {isa = PBXFileReference; lastKnownFileType = sourcecode.swift; path = Policy.swift; sourceTree = "<group>"; };
		F9AD2A4C2CC976A300DC8ECD /* Claims.swift */ = {isa = PBXFileReference; lastKnownFileType = sourcecode.swift; path = Claims.swift; sourceTree = "<group>"; };
		F9AD2A4E2CC976B200DC8ECD /* ClaimsViewController.swift */ = {isa = PBXFileReference; lastKnownFileType = sourcecode.swift; path = ClaimsViewController.swift; sourceTree = "<group>"; };
		F9E9C1122CD7F0B5002A6081 /* updateCustomerViewController.swift */ = {isa = PBXFileReference; lastKnownFileType = sourcecode.swift; path = updateCustomerViewController.swift; sourceTree = "<group>"; };
		F9E9C1142CD80B7B002A6081 /* searchViewController.swift */ = {isa = PBXFileReference; lastKnownFileType = sourcecode.swift; path = searchViewController.swift; sourceTree = "<group>"; };
		F9E9C1162CD85F7D002A6081 /* updatePolicyViewController.swift */ = {isa = PBXFileReference; lastKnownFileType = sourcecode.swift; path = updatePolicyViewController.swift; sourceTree = "<group>"; };
		F9E9C1182CD86A1B002A6081 /* updatePaymentViewController.swift */ = {isa = PBXFileReference; lastKnownFileType = sourcecode.swift; path = updatePaymentViewController.swift; sourceTree = "<group>"; };
		F9E9C11A2CD86A3B002A6081 /* updateClaimViewController.swift */ = {isa = PBXFileReference; lastKnownFileType = sourcecode.swift; path = updateClaimViewController.swift; sourceTree = "<group>"; };
/* End PBXFileReference section */

/* Begin PBXFrameworksBuildPhase section */
		F9AD2A282CC8A28B00DC8ECD /* Frameworks */ = {
			isa = PBXFrameworksBuildPhase;
			buildActionMask = 2147483647;
			files = (
				F9472E032CD440740012DF52 /* SQLite in Frameworks */,
			);
			runOnlyForDeploymentPostprocessing = 0;
		};
/* End PBXFrameworksBuildPhase section */

/* Begin PBXGroup section */
		F9AD2A222CC8A28B00DC8ECD = {
			isa = PBXGroup;
			children = (
				F9AD2A2D2CC8A28B00DC8ECD /* Assignment_7 */,
				F9AD2A2C2CC8A28B00DC8ECD /* Products */,
			);
			sourceTree = "<group>";
		};
		F9AD2A2C2CC8A28B00DC8ECD /* Products */ = {
			isa = PBXGroup;
			children = (
				F9AD2A2B2CC8A28B00DC8ECD /* Assignment_7.app */,
			);
			name = Products;
			sourceTree = "<group>";
		};
		F9AD2A2D2CC8A28B00DC8ECD /* Assignment_7 */ = {
			isa = PBXGroup;
			children = (
				F9AD2A2E2CC8A28B00DC8ECD /* AppDelegate.swift */,
				F9AD2A302CC8A28B00DC8ECD /* SceneDelegate.swift */,
				F9AD2A322CC8A28B00DC8ECD /* ViewController.swift */,
				F9E9C1122CD7F0B5002A6081 /* updateCustomerViewController.swift */,
				F9AD2A422CC8A40700DC8ECD /* CustomerViewController.swift */,
				F9AD2A442CC8A8E100DC8ECD /* Customer.swift */,
				F9AD2A4A2CC8C57E00DC8ECD /* Policy.swift */,
				F9AD2A482CC8BCF800DC8ECD /* PolicyViewController.swift */,
				F9AD2A4C2CC976A300DC8ECD /* Claims.swift */,
				F9AD2A4E2CC976B200DC8ECD /* ClaimsViewController.swift */,
				F96A146B2CD0518F00EAAB21 /* Payment.swift */,
				F96A14692CCF3EEB00EAAB21 /* PaymentsViewController.swift */,
				F9AD2A462CC8A91D00DC8ECD /* DataManager.swift */,
				F9AD2A342CC8A28B00DC8ECD /* Main.storyboard */,
				F9AD2A372CC8A28D00DC8ECD /* Assets.xcassets */,
				F9AD2A392CC8A28D00DC8ECD /* LaunchScreen.storyboard */,
				F9AD2A3C2CC8A28D00DC8ECD /* Info.plist */,
				F9E9C1142CD80B7B002A6081 /* searchViewController.swift */,
				F9E9C1162CD85F7D002A6081 /* updatePolicyViewController.swift */,
				F9E9C1182CD86A1B002A6081 /* updatePaymentViewController.swift */,
				F9E9C11A2CD86A3B002A6081 /* updateClaimViewController.swift */,
			);
			path = Assignment_7;
			sourceTree = "<group>";
		};
/* End PBXGroup section */

/* Begin PBXNativeTarget section */
		F9AD2A2A2CC8A28B00DC8ECD /* Assignment_7 */ = {
			isa = PBXNativeTarget;
			buildConfigurationList = F9AD2A3F2CC8A28D00DC8ECD /* Build configuration list for PBXNativeTarget "Assignment_7" */;
			buildPhases = (
				F9AD2A272CC8A28B00DC8ECD /* Sources */,
				F9AD2A282CC8A28B00DC8ECD /* Frameworks */,
				F9AD2A292CC8A28B00DC8ECD /* Resources */,
			);
			buildRules = (
			);
			dependencies = (
			);
			name = Assignment_7;
			packageProductDependencies = (
				F9472E022CD440740012DF52 /* SQLite */,
			);
			productName = Assignment_7;
			productReference = F9AD2A2B2CC8A28B00DC8ECD /* Assignment_7.app */;
			productType = "com.apple.product-type.application";
		};
/* End PBXNativeTarget section */

/* Begin PBXProject section */
		F9AD2A232CC8A28B00DC8ECD /* Project object */ = {
			isa = PBXProject;
			attributes = {
				BuildIndependentTargetsInParallel = 1;
				LastSwiftUpdateCheck = 1540;
				LastUpgradeCheck = 1540;
				TargetAttributes = {
					F9AD2A2A2CC8A28B00DC8ECD = {
						CreatedOnToolsVersion = 15.4;
					};
				};
			};
			buildConfigurationList = F9AD2A262CC8A28B00DC8ECD /* Build configuration list for PBXProject "Assignment_7" */;
			compatibilityVersion = "Xcode 14.0";
			developmentRegion = en;
			hasScannedForEncodings = 0;
			knownRegions = (
				en,
				Base,
			);
			mainGroup = F9AD2A222CC8A28B00DC8ECD;
			packageReferences = (
				F9472E012CD440740012DF52 /* XCRemoteSwiftPackageReference "SQLite" */,
			);
			productRefGroup = F9AD2A2C2CC8A28B00DC8ECD /* Products */;
			projectDirPath = "";
			projectRoot = "";
			targets = (
				F9AD2A2A2CC8A28B00DC8ECD /* Assignment_7 */,
			);
		};
/* End PBXProject section */

/* Begin PBXResourcesBuildPhase section */
		F9AD2A292CC8A28B00DC8ECD /* Resources */ = {
			isa = PBXResourcesBuildPhase;
			buildActionMask = 2147483647;
			files = (
				F9AD2A382CC8A28D00DC8ECD /* Assets.xcassets in Resources */,
				F9AD2A3B2CC8A28D00DC8ECD /* Base in Resources */,
				F9AD2A362CC8A28B00DC8ECD /* Base in Resources */,
			);
			runOnlyForDeploymentPostprocessing = 0;
		};
/* End PBXResourcesBuildPhase section */

/* Begin PBXSourcesBuildPhase section */
		F9AD2A272CC8A28B00DC8ECD /* Sources */ = {
			isa = PBXSourcesBuildPhase;
			buildActionMask = 2147483647;
			files = (
				F9E9C1152CD80B7C002A6081 /* searchViewController.swift in Sources */,
				F9AD2A432CC8A40700DC8ECD /* CustomerViewController.swift in Sources */,
				F9AD2A472CC8A91D00DC8ECD /* DataManager.swift in Sources */,
				F9AD2A452CC8A8E100DC8ECD /* Customer.swift in Sources */,
				F9E9C1192CD86A1B002A6081 /* updatePaymentViewController.swift in Sources */,
				F9AD2A4D2CC976A300DC8ECD /* Claims.swift in Sources */,
				F9AD2A332CC8A28B00DC8ECD /* ViewController.swift in Sources */,
				F9AD2A2F2CC8A28B00DC8ECD /* AppDelegate.swift in Sources */,
				F96A146C2CD0518F00EAAB21 /* Payment.swift in Sources */,
				F9AD2A312CC8A28B00DC8ECD /* SceneDelegate.swift in Sources */,
				F9AD2A4F2CC976B200DC8ECD /* ClaimsViewController.swift in Sources */,
				F96A146A2CCF3EEC00EAAB21 /* PaymentsViewController.swift in Sources */,
				F9AD2A492CC8BCF800DC8ECD /* PolicyViewController.swift in Sources */,
				F9E9C11B2CD86A3B002A6081 /* updateClaimViewController.swift in Sources */,
				F9E9C1132CD7F0B5002A6081 /* updateCustomerViewController.swift in Sources */,
				F9AD2A4B2CC8C57E00DC8ECD /* Policy.swift in Sources */,
				F9E9C1172CD85F7D002A6081 /* updatePolicyViewController.swift in Sources */,
			);
			runOnlyForDeploymentPostprocessing = 0;
		};
/* End PBXSourcesBuildPhase section */

/* Begin PBXVariantGroup section */
		F9AD2A342CC8A28B00DC8ECD /* Main.storyboard */ = {
			isa = PBXVariantGroup;
			children = (
				F9AD2A352CC8A28B00DC8ECD /* Base */,
			);
			name = Main.storyboard;
			sourceTree = "<group>";
		};
		F9AD2A392CC8A28D00DC8ECD /* LaunchScreen.storyboard */ = {
			isa = PBXVariantGroup;
			children = (
				F9AD2A3A2CC8A28D00DC8ECD /* Base */,
			);
			name = LaunchScreen.storyboard;
			sourceTree = "<group>";
		};
/* End PBXVariantGroup section */

/* Begin XCBuildConfiguration section */
		F9AD2A3D2CC8A28D00DC8ECD /* Debug */ = {
			isa = XCBuildConfiguration;
			buildSettings = {
				ALWAYS_SEARCH_USER_PATHS = NO;
				ASSETCATALOG_COMPILER_GENERATE_SWIFT_ASSET_SYMBOL_EXTENSIONS = YES;
				CLANG_ANALYZER_NONNULL = YES;
				CLANG_ANALYZER_NUMBER_OBJECT_CONVERSION = YES_AGGRESSIVE;
				CLANG_CXX_LANGUAGE_STANDARD = "gnu++20";
				CLANG_ENABLE_MODULES = YES;
				CLANG_ENABLE_OBJC_ARC = YES;
				CLANG_ENABLE_OBJC_WEAK = YES;
				CLANG_WARN_BLOCK_CAPTURE_AUTORELEASING = YES;
				CLANG_WARN_BOOL_CONVERSION = YES;
				CLANG_WARN_COMMA = YES;
				CLANG_WARN_CONSTANT_CONVERSION = YES;
				CLANG_WARN_DEPRECATED_OBJC_IMPLEMENTATIONS = YES;
				CLANG_WARN_DIRECT_OBJC_ISA_USAGE = YES_ERROR;
				CLANG_WARN_DOCUMENTATION_COMMENTS = YES;
				CLANG_WARN_EMPTY_BODY = YES;
				CLANG_WARN_ENUM_CONVERSION = YES;
				CLANG_WARN_INFINITE_RECURSION = YES;
				CLANG_WARN_INT_CONVERSION = YES;
				CLANG_WARN_NON_LITERAL_NULL_CONVERSION = YES;
				CLANG_WARN_OBJC_IMPLICIT_RETAIN_SELF = YES;
				CLANG_WARN_OBJC_LITERAL_CONVERSION = YES;
				CLANG_WARN_OBJC_ROOT_CLASS = YES_ERROR;
				CLANG_WARN_QUOTED_INCLUDE_IN_FRAMEWORK_HEADER = YES;
				CLANG_WARN_RANGE_LOOP_ANALYSIS = YES;
				CLANG_WARN_STRICT_PROTOTYPES = YES;
				CLANG_WARN_SUSPICIOUS_MOVE = YES;
				CLANG_WARN_UNGUARDED_AVAILABILITY = YES_AGGRESSIVE;
				CLANG_WARN_UNREACHABLE_CODE = YES;
				CLANG_WARN__DUPLICATE_METHOD_MATCH = YES;
				COPY_PHASE_STRIP = NO;
				DEBUG_INFORMATION_FORMAT = dwarf;
				ENABLE_STRICT_OBJC_MSGSEND = YES;
				ENABLE_TESTABILITY = YES;
				ENABLE_USER_SCRIPT_SANDBOXING = YES;
				GCC_C_LANGUAGE_STANDARD = gnu17;
				GCC_DYNAMIC_NO_PIC = NO;
				GCC_NO_COMMON_BLOCKS = YES;
				GCC_OPTIMIZATION_LEVEL = 0;
				GCC_PREPROCESSOR_DEFINITIONS = (
					"DEBUG=1",
					"$(inherited)",
				);
				GCC_WARN_64_TO_32_BIT_CONVERSION = YES;
				GCC_WARN_ABOUT_RETURN_TYPE = YES_ERROR;
				GCC_WARN_UNDECLARED_SELECTOR = YES;
				GCC_WARN_UNINITIALIZED_AUTOS = YES_AGGRESSIVE;
				GCC_WARN_UNUSED_FUNCTION = YES;
				GCC_WARN_UNUSED_VARIABLE = YES;
				IPHONEOS_DEPLOYMENT_TARGET = 17.5;
				LOCALIZATION_PREFERS_STRING_CATALOGS = YES;
				MTL_ENABLE_DEBUG_INFO = INCLUDE_SOURCE;
				MTL_FAST_MATH = YES;
				ONLY_ACTIVE_ARCH = YES;
				SDKROOT = iphoneos;
				SWIFT_ACTIVE_COMPILATION_CONDITIONS = "DEBUG $(inherited)";
				SWIFT_OPTIMIZATION_LEVEL = "-Onone";
			};
			name = Debug;
		};
		F9AD2A3E2CC8A28D00DC8ECD /* Release */ = {
			isa = XCBuildConfiguration;
			buildSettings = {
				ALWAYS_SEARCH_USER_PATHS = NO;
				ASSETCATALOG_COMPILER_GENERATE_SWIFT_ASSET_SYMBOL_EXTENSIONS = YES;
				CLANG_ANALYZER_NONNULL = YES;
				CLANG_ANALYZER_NUMBER_OBJECT_CONVERSION = YES_AGGRESSIVE;
				CLANG_CXX_LANGUAGE_STANDARD = "gnu++20";
				CLANG_ENABLE_MODULES = YES;
				CLANG_ENABLE_OBJC_ARC = YES;
				CLANG_ENABLE_OBJC_WEAK = YES;
				CLANG_WARN_BLOCK_CAPTURE_AUTORELEASING = YES;
				CLANG_WARN_BOOL_CONVERSION = YES;
				CLANG_WARN_COMMA = YES;
				CLANG_WARN_CONSTANT_CONVERSION = YES;
				CLANG_WARN_DEPRECATED_OBJC_IMPLEMENTATIONS = YES;
				CLANG_WARN_DIRECT_OBJC_ISA_USAGE = YES_ERROR;
				CLANG_WARN_DOCUMENTATION_COMMENTS = YES;
				CLANG_WARN_EMPTY_BODY = YES;
				CLANG_WARN_ENUM_CONVERSION = YES;
				CLANG_WARN_INFINITE_RECURSION = YES;
				CLANG_WARN_INT_CONVERSION = YES;
				CLANG_WARN_NON_LITERAL_NULL_CONVERSION = YES;
				CLANG_WARN_OBJC_IMPLICIT_RETAIN_SELF = YES;
				CLANG_WARN_OBJC_LITERAL_CONVERSION = YES;
				CLANG_WARN_OBJC_ROOT_CLASS = YES_ERROR;
				CLANG_WARN_QUOTED_INCLUDE_IN_FRAMEWORK_HEADER = YES;
				CLANG_WARN_RANGE_LOOP_ANALYSIS = YES;
				CLANG_WARN_STRICT_PROTOTYPES = YES;
				CLANG_WARN_SUSPICIOUS_MOVE = YES;
				CLANG_WARN_UNGUARDED_AVAILABILITY = YES_AGGRESSIVE;
				CLANG_WARN_UNREACHABLE_CODE = YES;
				CLANG_WARN__DUPLICATE_METHOD_MATCH = YES;
				COPY_PHASE_STRIP = NO;
				DEBUG_INFORMATION_FORMAT = "dwarf-with-dsym";
				ENABLE_NS_ASSERTIONS = NO;
				ENABLE_STRICT_OBJC_MSGSEND = YES;
				ENABLE_USER_SCRIPT_SANDBOXING = YES;
				GCC_C_LANGUAGE_STANDARD = gnu17;
				GCC_NO_COMMON_BLOCKS = YES;
				GCC_WARN_64_TO_32_BIT_CONVERSION = YES;
				GCC_WARN_ABOUT_RETURN_TYPE = YES_ERROR;
				GCC_WARN_UNDECLARED_SELECTOR = YES;
				GCC_WARN_UNINITIALIZED_AUTOS = YES_AGGRESSIVE;
				GCC_WARN_UNUSED_FUNCTION = YES;
				GCC_WARN_UNUSED_VARIABLE = YES;
				IPHONEOS_DEPLOYMENT_TARGET = 17.5;
				LOCALIZATION_PREFERS_STRING_CATALOGS = YES;
				MTL_ENABLE_DEBUG_INFO = NO;
				MTL_FAST_MATH = YES;
				SDKROOT = iphoneos;
				SWIFT_COMPILATION_MODE = wholemodule;
				VALIDATE_PRODUCT = YES;
			};
			name = Release;
		};
		F9AD2A402CC8A28D00DC8ECD /* Debug */ = {
			isa = XCBuildConfiguration;
			buildSettings = {
				ASSETCATALOG_COMPILER_APPICON_NAME = AppIcon;
				ASSETCATALOG_COMPILER_GLOBAL_ACCENT_COLOR_NAME = AccentColor;
				CODE_SIGN_STYLE = Automatic;
				CURRENT_PROJECT_VERSION = 1;
				GENERATE_INFOPLIST_FILE = YES;
				INFOPLIST_FILE = Assignment_7/Info.plist;
				INFOPLIST_KEY_UIApplicationSupportsIndirectInputEvents = YES;
				INFOPLIST_KEY_UILaunchStoryboardName = LaunchScreen;
				INFOPLIST_KEY_UIMainStoryboardFile = Main;
				INFOPLIST_KEY_UISupportedInterfaceOrientations_iPad = "UIInterfaceOrientationPortrait UIInterfaceOrientationPortraitUpsideDown UIInterfaceOrientationLandscapeLeft UIInterfaceOrientationLandscapeRight";
				INFOPLIST_KEY_UISupportedInterfaceOrientations_iPhone = "UIInterfaceOrientationPortrait UIInterfaceOrientationLandscapeLeft UIInterfaceOrientationLandscapeRight";
				LD_RUNPATH_SEARCH_PATHS = (
					"$(inherited)",
					"@executable_path/Frameworks",
				);
				MARKETING_VERSION = 1.0;
				PRODUCT_BUNDLE_IDENTIFIER = "com.project.Assignment-7";
				PRODUCT_NAME = "$(TARGET_NAME)";
				SWIFT_EMIT_LOC_STRINGS = YES;
				SWIFT_VERSION = 5.0;
				TARGETED_DEVICE_FAMILY = "1,2";
			};
			name = Debug;
		};
		F9AD2A412CC8A28D00DC8ECD /* Release */ = {
			isa = XCBuildConfiguration;
			buildSettings = {
				ASSETCATALOG_COMPILER_APPICON_NAME = AppIcon;
				ASSETCATALOG_COMPILER_GLOBAL_ACCENT_COLOR_NAME = AccentColor;
				CODE_SIGN_STYLE = Automatic;
				CURRENT_PROJECT_VERSION = 1;
				GENERATE_INFOPLIST_FILE = YES;
				INFOPLIST_FILE = Assignment_7/Info.plist;
				INFOPLIST_KEY_UIApplicationSupportsIndirectInputEvents = YES;
				INFOPLIST_KEY_UILaunchStoryboardName = LaunchScreen;
				INFOPLIST_KEY_UIMainStoryboardFile = Main;
				INFOPLIST_KEY_UISupportedInterfaceOrientations_iPad = "UIInterfaceOrientationPortrait UIInterfaceOrientationPortraitUpsideDown UIInterfaceOrientationLandscapeLeft UIInterfaceOrientationLandscapeRight";
				INFOPLIST_KEY_UISupportedInterfaceOrientations_iPhone = "UIInterfaceOrientationPortrait UIInterfaceOrientationLandscapeLeft UIInterfaceOrientationLandscapeRight";
				LD_RUNPATH_SEARCH_PATHS = (
					"$(inherited)",
					"@executable_path/Frameworks",
				);
				MARKETING_VERSION = 1.0;
				PRODUCT_BUNDLE_IDENTIFIER = "com.project.Assignment-7";
				PRODUCT_NAME = "$(TARGET_NAME)";
				SWIFT_EMIT_LOC_STRINGS = YES;
				SWIFT_VERSION = 5.0;
				TARGETED_DEVICE_FAMILY = "1,2";
			};
			name = Release;
		};
/* End XCBuildConfiguration section */

/* Begin XCConfigurationList section */
		F9AD2A262CC8A28B00DC8ECD /* Build configuration list for PBXProject "Assignment_7" */ = {
			isa = XCConfigurationList;
			buildConfigurations = (
				F9AD2A3D2CC8A28D00DC8ECD /* Debug */,
				F9AD2A3E2CC8A28D00DC8ECD /* Release */,
			);
			defaultConfigurationIsVisible = 0;
			defaultConfigurationName = Release;
		};
		F9AD2A3F2CC8A28D00DC8ECD /* Build configuration list for PBXNativeTarget "Assignment_7" */ = {
			isa = XCConfigurationList;
			buildConfigurations = (
				F9AD2A402CC8A28D00DC8ECD /* Debug */,
				F9AD2A412CC8A28D00DC8ECD /* Release */,
			);
			defaultConfigurationIsVisible = 0;
			defaultConfigurationName = Release;
		};
/* End XCConfigurationList section */

/* Begin XCRemoteSwiftPackageReference section */
		F9472E012CD440740012DF52 /* XCRemoteSwiftPackageReference "SQLite" */ = {
			isa = XCRemoteSwiftPackageReference;
			repositoryURL = "https://github.com/stephencelis/SQLite.swift";
			requirement = {
				kind = upToNextMajorVersion;
				minimumVersion = 0.15.3;
			};
		};
/* End XCRemoteSwiftPackageReference section */

/* Begin XCSwiftPackageProductDependency section */
		F9472E022CD440740012DF52 /* SQLite */ = {
			isa = XCSwiftPackageProductDependency;
			package = F9472E012CD440740012DF52 /* XCRemoteSwiftPackageReference "SQLite" */;
			productName = SQLite;
		};
/* End XCSwiftPackageProductDependency section */
	};
	rootObject = F9AD2A232CC8A28B00DC8ECD /* Project object */;
}
